PODS:
  - ConnectionKit (0.2.0):
    - RxCocoa
    - RxSwift
  - RxAtomic (4.4.2)
  - RxBlocking (4.4.2):
    - RxAtomic (>= 4.4.2, ~> 4.4)
    - RxSwift (>= 4.4.2, ~> 4.4)
  - RxCocoa (4.4.2):
    - RxSwift (>= 4.4.2, ~> 4.4)
  - RxSwift (4.4.2):
    - RxAtomic (>= 4.4.2, ~> 4.4)

DEPENDENCIES:
  - ConnectionKit (from `../`)
  - RxBlocking

SPEC REPOS:
  https://github.com/cocoapods/specs.git:
    - RxAtomic
    - RxBlocking
    - RxCocoa
    - RxSwift

EXTERNAL SOURCES:
  ConnectionKit:
    :path: "../"

SPEC CHECKSUMS:
  ConnectionKit: 566d35f23870f114615dad4f8e57b7c57332d70d
  RxAtomic: d00e97c10db88c6f08540e0bf2752fc5a2404167
  RxBlocking: e96fdda1473d81332a6ed2cface935dc2167a122
  RxCocoa: 477990dc3b4c3ff55fb0ac77e1cc06244e0aaec8
  RxSwift: 74c29b693c8e42b0f64400e8b06564575742d649

PODFILE CHECKSUM: a651f0ebfef530a3b8448680aa97856938f6661f

COCOAPODS: 1.6.1
